
Microsoft Visual Studio Solution File, Format Version 12.00
# Visual Studio Version 17
VisualStudioVersion = 17.1.32421.90
MinimumVisualStudioVersion = 10.0.40219.1
Project("{FAE04EC0-301F-11D3-BF4B-00C04F79EFBC}") = "CapaDatos", "CapaDatos\CapaDatos.csproj", "{16415BEC-3EEE-41FE-B682-AB1ED00F1ECE}"
EndProject
Project("{FAE04EC0-301F-11D3-BF4B-00C04F79EFBC}") = "CapaNegocio", "CapaNegocio\CapaNegocio.csproj", "{14CA814B-2189-47EA-9D7A-728377BA649A}"
EndProject
Project("{FAE04EC0-301F-11D3-BF4B-00C04F79EFBC}") = "UI", "UI\UI.csproj", "{55ABA96E-DC63-4B55-AB2E-F92FC7EC06C2}"
EndProject
Global
	GlobalSection(SolutionConfigurationPlatforms) = preSolution
		Debug|Any CPU = Debug|Any CPU
		Release|Any CPU = Release|Any CPU
	EndGlobalSection
	GlobalSection(ProjectConfigurationPlatforms) = postSolution
		{16415BEC-3EEE-41FE-B682-AB1ED00F1ECE}.Debug|Any CPU.ActiveCfg = Debug|Any CPU
		{16415BEC-3EEE-41FE-B682-AB1ED00F1ECE}.Debug|Any CPU.Build.0 = Debug|Any CPU
		{16415BEC-3EEE-41FE-B682-AB1ED00F1ECE}.Release|Any CPU.ActiveCfg = Release|Any CPU
		{16415BEC-3EEE-41FE-B682-AB1ED00F1ECE}.Release|Any CPU.Build.0 = Release|Any CPU
		{14CA814B-2189-47EA-9D7A-728377BA649A}.Debug|Any CPU.ActiveCfg = Debug|Any CPU
		{14CA814B-2189-47EA-9D7A-728377BA649A}.Debug|Any CPU.Build.0 = Debug|Any CPU
		{14CA814B-2189-47EA-9D7A-728377BA649A}.Release|Any CPU.ActiveCfg = Release|Any CPU
		{14CA814B-2189-47EA-9D7A-728377BA649A}.Release|Any CPU.Build.0 = Release|Any CPU
		{55ABA96E-DC63-4B55-AB2E-F92FC7EC06C2}.Debug|Any CPU.ActiveCfg = Debug|Any CPU
		{55ABA96E-DC63-4B55-AB2E-F92FC7EC06C2}.Debug|Any CPU.Build.0 = Debug|Any CPU
		{55ABA96E-DC63-4B55-AB2E-F92FC7EC06C2}.Release|Any CPU.ActiveCfg = Release|Any CPU
		{55ABA96E-DC63-4B55-AB2E-F92FC7EC06C2}.Release|Any CPU.Build.0 = Release|Any CPU
	EndGlobalSection
	GlobalSection(SolutionProperties) = preSolution
		HideSolutionNode = FALSE
	EndGlobalSection
	GlobalSection(ExtensibilityGlobals) = postSolution
		SolutionGuid = {05BB32AA-FB4F-4FE8-809B-311FAF985853}
	EndGlobalSection
EndGlobal
